
Microsoft Visual Studio Solution File, Format Version 12.00
# Visual Studio 15
VisualStudioVersion = 15.0.27004.2005
MinimumVisualStudioVersion = 10.0.40219.1
Project("{FAE04EC0-301F-11D3-BF4B-00C04F79EFBC}") = "DotStanConverter", "DotStanConvertor\DotStanConvertor\DotStanConverter.csproj", "{896F7FC5-4630-4AF5-A741-D48F7F569E96}"
EndProject
Project("{FAE04EC0-301F-11D3-BF4B-00C04F79EFBC}") = "DotStanConverter.UWP", "DotStanConvertor\DotStanConvertor.UWP\DotStanConverter.UWP.csproj", "{691485A7-AF53-4864-8FB3-AA465CD72BDE}"
EndProject
Global
	GlobalSection(SolutionConfigurationPlatforms) = preSolution
		Ad-Hoc|Any CPU = Ad-Hoc|Any CPU
		Ad-Hoc|ARM = Ad-Hoc|ARM
		Ad-Hoc|iPhone = Ad-Hoc|iPhone
		Ad-Hoc|iPhoneSimulator = Ad-Hoc|iPhoneSimulator
		Ad-Hoc|x64 = Ad-Hoc|x64
		Ad-Hoc|x86 = Ad-Hoc|x86
		AppStore|Any CPU = AppStore|Any CPU
		AppStore|ARM = AppStore|ARM
		AppStore|iPhone = AppStore|iPhone
		AppStore|iPhoneSimulator = AppStore|iPhoneSimulator
		AppStore|x64 = AppStore|x64
		AppStore|x86 = AppStore|x86
		Debug|Any CPU = Debug|Any CPU
		Debug|ARM = Debug|ARM
		Debug|iPhone = Debug|iPhone
		Debug|iPhoneSimulator = Debug|iPhoneSimulator
		Debug|x64 = Debug|x64
		Debug|x86 = Debug|x86
		Release|Any CPU = Release|Any CPU
		Release|ARM = Release|ARM
		Release|iPhone = Release|iPhone
		Release|iPhoneSimulator = Release|iPhoneSimulator
		Release|x64 = Release|x64
		Release|x86 = Release|x86
	EndGlobalSection
	GlobalSection(ProjectConfigurationPlatforms) = postSolution
		{896F7FC5-4630-4AF5-A741-D48F7F569E96}.Ad-Hoc|Any CPU.ActiveCfg = Release|Any CPU
		{896F7FC5-4630-4AF5-A741-D48F7F569E96}.Ad-Hoc|Any CPU.Build.0 = Release|Any CPU
		{896F7FC5-4630-4AF5-A741-D48F7F569E96}.Ad-Hoc|ARM.ActiveCfg = Release|Any CPU
		{896F7FC5-4630-4AF5-A741-D48F7F569E96}.Ad-Hoc|ARM.Build.0 = Release|Any CPU
		{896F7FC5-4630-4AF5-A741-D48F7F569E96}.Ad-Hoc|iPhone.ActiveCfg = Release|Any CPU
		{896F7FC5-4630-4AF5-A741-D48F7F569E96}.Ad-Hoc|iPhone.Build.0 = Release|Any CPU
		{896F7FC5-4630-4AF5-A741-D48F7F569E96}.Ad-Hoc|iPhoneSimulator.ActiveCfg = Release|Any CPU
		{896F7FC5-4630-4AF5-A741-D48F7F569E96}.Ad-Hoc|iPhoneSimulator.Build.0 = Release|Any CPU
		{896F7FC5-4630-4AF5-A741-D48F7F569E96}.Ad-Hoc|x64.ActiveCfg = Release|Any CPU
		{896F7FC5-4630-4AF5-A741-D48F7F569E96}.Ad-Hoc|x64.Build.0 = Release|Any CPU
		{896F7FC5-4630-4AF5-A741-D48F7F569E96}.Ad-Hoc|x86.ActiveCfg = Release|Any CPU
		{896F7FC5-4630-4AF5-A741-D48F7F569E96}.Ad-Hoc|x86.Build.0 = Release|Any CPU
		{896F7FC5-4630-4AF5-A741-D48F7F569E96}.AppStore|Any CPU.ActiveCfg = Release|Any CPU
		{896F7FC5-4630-4AF5-A741-D48F7F569E96}.AppStore|Any CPU.Build.0 = Release|Any CPU
		{896F7FC5-4630-4AF5-A741-D48F7F569E96}.AppStore|ARM.ActiveCfg = Release|Any CPU
		{896F7FC5-4630-4AF5-A741-D48F7F569E96}.AppStore|ARM.Build.0 = Release|Any CPU
		{896F7FC5-4630-4AF5-A741-D48F7F569E96}.AppStore|iPhone.ActiveCfg = Release|Any CPU
		{896F7FC5-4630-4AF5-A741-D48F7F569E96}.AppStore|iPhone.Build.0 = Release|Any CPU
		{896F7FC5-4630-4AF5-A741-D48F7F569E96}.AppStore|iPhoneSimulator.ActiveCfg = Release|Any CPU
		{896F7FC5-4630-4AF5-A741-D48F7F569E96}.AppStore|iPhoneSimulator.Build.0 = Release|Any CPU
		{896F7FC5-4630-4AF5-A741-D48F7F569E96}.AppStore|x64.ActiveCfg = Release|Any CPU
		{896F7FC5-4630-4AF5-A741-D48F7F569E96}.AppStore|x64.Build.0 = Release|Any CPU
		{896F7FC5-4630-4AF5-A741-D48F7F569E96}.AppStore|x86.ActiveCfg = Release|Any CPU
		{896F7FC5-4630-4AF5-A741-D48F7F569E96}.AppStore|x86.Build.0 = Release|Any CPU
		{896F7FC5-4630-4AF5-A741-D48F7F569E96}.Debug|Any CPU.ActiveCfg = Debug|Any CPU
		{896F7FC5-4630-4AF5-A741-D48F7F569E96}.Debug|Any CPU.Build.0 = Debug|Any CPU
		{896F7FC5-4630-4AF5-A741-D48F7F569E96}.Debug|ARM.ActiveCfg = Debug|Any CPU
		{896F7FC5-4630-4AF5-A741-D48F7F569E96}.Debug|ARM.Build.0 = Debug|Any CPU
		{896F7FC5-4630-4AF5-A741-D48F7F569E96}.Debug|iPhone.ActiveCfg = Debug|Any CPU
		{896F7FC5-4630-4AF5-A741-D48F7F569E96}.Debug|iPhone.Build.0 = Debug|Any CPU
		{896F7FC5-4630-4AF5-A741-D48F7F569E96}.Debug|iPhoneSimulator.ActiveCfg = Debug|Any CPU
		{896F7FC5-4630-4AF5-A741-D48F7F569E96}.Debug|iPhoneSimulator.Build.0 = Debug|Any CPU
		{896F7FC5-4630-4AF5-A741-D48F7F569E96}.Debug|x64.ActiveCfg = Debug|Any CPU
		{896F7FC5-4630-4AF5-A741-D48F7F569E96}.Debug|x64.Build.0 = Debug|Any CPU
		{896F7FC5-4630-4AF5-A741-D48F7F569E96}.Debug|x86.ActiveCfg = Debug|Any CPU
		{896F7FC5-4630-4AF5-A741-D48F7F569E96}.Debug|x86.Build.0 = Debug|Any CPU
		{896F7FC5-4630-4AF5-A741-D48F7F569E96}.Release|Any CPU.ActiveCfg = Release|Any CPU
		{896F7FC5-4630-4AF5-A741-D48F7F569E96}.Release|Any CPU.Build.0 = Release|Any CPU
		{896F7FC5-4630-4AF5-A741-D48F7F569E96}.Release|ARM.ActiveCfg = Release|Any CPU
		{896F7FC5-4630-4AF5-A741-D48F7F569E96}.Release|ARM.Build.0 = Release|Any CPU
		{896F7FC5-4630-4AF5-A741-D48F7F569E96}.Release|iPhone.ActiveCfg = Release|Any CPU
		{896F7FC5-4630-4AF5-A741-D48F7F569E96}.Release|iPhone.Build.0 = Release|Any CPU
		{896F7FC5-4630-4AF5-A741-D48F7F569E96}.Release|iPhoneSimulator.ActiveCfg = Release|Any CPU
		{896F7FC5-4630-4AF5-A741-D48F7F569E96}.Release|iPhoneSimulator.Build.0 = Release|Any CPU
		{896F7FC5-4630-4AF5-A741-D48F7F569E96}.Release|x64.ActiveCfg = Release|Any CPU
		{896F7FC5-4630-4AF5-A741-D48F7F569E96}.Release|x64.Build.0 = Release|Any CPU
		{896F7FC5-4630-4AF5-A741-D48F7F569E96}.Release|x86.ActiveCfg = Release|Any CPU
		{896F7FC5-4630-4AF5-A741-D48F7F569E96}.Release|x86.Build.0 = Release|Any CPU
		{691485A7-AF53-4864-8FB3-AA465CD72BDE}.Ad-Hoc|Any CPU.ActiveCfg = Release|x86
		{691485A7-AF53-4864-8FB3-AA465CD72BDE}.Ad-Hoc|Any CPU.Build.0 = Release|x86
		{691485A7-AF53-4864-8FB3-AA465CD72BDE}.Ad-Hoc|Any CPU.Deploy.0 = Release|x86
		{691485A7-AF53-4864-8FB3-AA465CD72BDE}.Ad-Hoc|ARM.ActiveCfg = Release|ARM
		{691485A7-AF53-4864-8FB3-AA465CD72BDE}.Ad-Hoc|ARM.Build.0 = Release|ARM
		{691485A7-AF53-4864-8FB3-AA465CD72BDE}.Ad-Hoc|ARM.Deploy.0 = Release|ARM
		{691485A7-AF53-4864-8FB3-AA465CD72BDE}.Ad-Hoc|iPhone.ActiveCfg = Release|x86
		{691485A7-AF53-4864-8FB3-AA465CD72BDE}.Ad-Hoc|iPhone.Build.0 = Release|x86
		{691485A7-AF53-4864-8FB3-AA465CD72BDE}.Ad-Hoc|iPhone.Deploy.0 = Release|x86
		{691485A7-AF53-4864-8FB3-AA465CD72BDE}.Ad-Hoc|iPhoneSimulator.ActiveCfg = Release|x86
		{691485A7-AF53-4864-8FB3-AA465CD72BDE}.Ad-Hoc|iPhoneSimulator.Build.0 = Release|x86
		{691485A7-AF53-4864-8FB3-AA465CD72BDE}.Ad-Hoc|iPhoneSimulator.Deploy.0 = Release|x86
		{691485A7-AF53-4864-8FB3-AA465CD72BDE}.Ad-Hoc|x64.ActiveCfg = Release|x64
		{691485A7-AF53-4864-8FB3-AA465CD72BDE}.Ad-Hoc|x64.Build.0 = Release|x64
		{691485A7-AF53-4864-8FB3-AA465CD72BDE}.Ad-Hoc|x64.Deploy.0 = Release|x64
		{691485A7-AF53-4864-8FB3-AA465CD72BDE}.Ad-Hoc|x86.ActiveCfg = Release|x86
		{691485A7-AF53-4864-8FB3-AA465CD72BDE}.Ad-Hoc|x86.Build.0 = Release|x86
		{691485A7-AF53-4864-8FB3-AA465CD72BDE}.Ad-Hoc|x86.Deploy.0 = Release|x86
		{691485A7-AF53-4864-8FB3-AA465CD72BDE}.AppStore|Any CPU.ActiveCfg = Release|x86
		{691485A7-AF53-4864-8FB3-AA465CD72BDE}.AppStore|Any CPU.Build.0 = Release|x86
		{691485A7-AF53-4864-8FB3-AA465CD72BDE}.AppStore|Any CPU.Deploy.0 = Release|x86
		{691485A7-AF53-4864-8FB3-AA465CD72BDE}.AppStore|ARM.ActiveCfg = Release|ARM
		{691485A7-AF53-4864-8FB3-AA465CD72BDE}.AppStore|ARM.Build.0 = Release|ARM
		{691485A7-AF53-4864-8FB3-AA465CD72BDE}.AppStore|ARM.Deploy.0 = Release|ARM
		{691485A7-AF53-4864-8FB3-AA465CD72BDE}.AppStore|iPhone.ActiveCfg = Release|x86
		{691485A7-AF53-4864-8FB3-AA465CD72BDE}.AppStore|iPhone.Build.0 = Release|x86
		{691485A7-AF53-4864-8FB3-AA465CD72BDE}.AppStore|iPhone.Deploy.0 = Release|x86
		{691485A7-AF53-4864-8FB3-AA465CD72BDE}.AppStore|iPhoneSimulator.ActiveCfg = Release|x86
		{691485A7-AF53-4864-8FB3-AA465CD72BDE}.AppStore|iPhoneSimulator.Build.0 = Release|x86
		{691485A7-AF53-4864-8FB3-AA465CD72BDE}.AppStore|iPhoneSimulator.Deploy.0 = Release|x86
		{691485A7-AF53-4864-8FB3-AA465CD72BDE}.AppStore|x64.ActiveCfg = Release|x64
		{691485A7-AF53-4864-8FB3-AA465CD72BDE}.AppStore|x64.Build.0 = Release|x64
		{691485A7-AF53-4864-8FB3-AA465CD72BDE}.AppStore|x64.Deploy.0 = Release|x64
		{691485A7-AF53-4864-8FB3-AA465CD72BDE}.AppStore|x86.ActiveCfg = Release|x86
		{691485A7-AF53-4864-8FB3-AA465CD72BDE}.AppStore|x86.Build.0 = Release|x86
		{691485A7-AF53-4864-8FB3-AA465CD72BDE}.AppStore|x86.Deploy.0 = Release|x86
		{691485A7-AF53-4864-8FB3-AA465CD72BDE}.Debug|Any CPU.ActiveCfg = Debug|x86
		{691485A7-AF53-4864-8FB3-AA465CD72BDE}.Debug|ARM.ActiveCfg = Debug|ARM
		{691485A7-AF53-4864-8FB3-AA465CD72BDE}.Debug|ARM.Build.0 = Debug|ARM
		{691485A7-AF53-4864-8FB3-AA465CD72BDE}.Debug|ARM.Deploy.0 = Debug|ARM
		{691485A7-AF53-4864-8FB3-AA465CD72BDE}.Debug|iPhone.ActiveCfg = Debug|x86
		{691485A7-AF53-4864-8FB3-AA465CD72BDE}.Debug|iPhoneSimulator.ActiveCfg = Debug|x86
		{691485A7-AF53-4864-8FB3-AA465CD72BDE}.Debug|x64.ActiveCfg = Debug|x64
		{691485A7-AF53-4864-8FB3-AA465CD72BDE}.Debug|x64.Build.0 = Debug|x64
		{691485A7-AF53-4864-8FB3-AA465CD72BDE}.Debug|x64.Deploy.0 = Debug|x64
		{691485A7-AF53-4864-8FB3-AA465CD72BDE}.Debug|x86.ActiveCfg = Debug|x86
		{691485A7-AF53-4864-8FB3-AA465CD72BDE}.Debug|x86.Build.0 = Debug|x86
		{691485A7-AF53-4864-8FB3-AA465CD72BDE}.Debug|x86.Deploy.0 = Debug|x86
		{691485A7-AF53-4864-8FB3-AA465CD72BDE}.Release|Any CPU.ActiveCfg = Release|x86
		{691485A7-AF53-4864-8FB3-AA465CD72BDE}.Release|ARM.ActiveCfg = Release|ARM
		{691485A7-AF53-4864-8FB3-AA465CD72BDE}.Release|ARM.Build.0 = Release|ARM
		{691485A7-AF53-4864-8FB3-AA465CD72BDE}.Release|ARM.Deploy.0 = Release|ARM
		{691485A7-AF53-4864-8FB3-AA465CD72BDE}.Release|iPhone.ActiveCfg = Release|x86
		{691485A7-AF53-4864-8FB3-AA465CD72BDE}.Release|iPhoneSimulator.ActiveCfg = Release|x86
		{691485A7-AF53-4864-8FB3-AA465CD72BDE}.Release|x64.ActiveCfg = Release|x64
		{691485A7-AF53-4864-8FB3-AA465CD72BDE}.Release|x64.Build.0 = Release|x64
		{691485A7-AF53-4864-8FB3-AA465CD72BDE}.Release|x64.Deploy.0 = Release|x64
		{691485A7-AF53-4864-8FB3-AA465CD72BDE}.Release|x86.ActiveCfg = Release|x86
		{691485A7-AF53-4864-8FB3-AA465CD72BDE}.Release|x86.Build.0 = Release|x86
		{691485A7-AF53-4864-8FB3-AA465CD72BDE}.Release|x86.Deploy.0 = Release|x86
	EndGlobalSection
	GlobalSection(SolutionProperties) = preSolution
		HideSolutionNode = FALSE
	EndGlobalSection
	GlobalSection(ExtensibilityGlobals) = postSolution
		SolutionGuid = {5A50F489-319B-4DDE-880A-366754BE3A66}
	EndGlobalSection
EndGlobal
